
Microsoft Visual Studio Solution File, Format Version 12.00
# Visual Studio Version 17
VisualStudioVersion = 17.8.34330.188
MinimumVisualStudioVersion = 10.0.40219.1
Project("{FAE04EC0-301F-11D3-BF4B-00C04F79EFBC}") = "SchoolHRAdministration", "SchoolHRAdministration\SchoolHRAdministration.csproj", "{1A42254B-457F-4EC3-9DE7-DEE2C078EB25}"
EndProject
Project("{FAE04EC0-301F-11D3-BF4B-00C04F79EFBC}") = "HRAdministrationAPI", "HRAdministrationAPI\HRAdministrationAPI.csproj", "{2720C15E-864F-4AEF-AD3A-818128831951}"
EndProject
Global
	GlobalSection(SolutionConfigurationPlatforms) = preSolution
		Debug|Any CPU = Debug|Any CPU
		Release|Any CPU = Release|Any CPU
	EndGlobalSection
	GlobalSection(ProjectConfigurationPlatforms) = postSolution
		{1A42254B-457F-4EC3-9DE7-DEE2C078EB25}.Debug|Any CPU.ActiveCfg = Debug|Any CPU
		{1A42254B-457F-4EC3-9DE7-DEE2C078EB25}.Debug|Any CPU.Build.0 = Debug|Any CPU
		{1A42254B-457F-4EC3-9DE7-DEE2C078EB25}.Release|Any CPU.ActiveCfg = Release|Any CPU
		{1A42254B-457F-4EC3-9DE7-DEE2C078EB25}.Release|Any CPU.Build.0 = Release|Any CPU
		{2720C15E-864F-4AEF-AD3A-818128831951}.Debug|Any CPU.ActiveCfg = Debug|Any CPU
		{2720C15E-864F-4AEF-AD3A-818128831951}.Debug|Any CPU.Build.0 = Debug|Any CPU
		{2720C15E-864F-4AEF-AD3A-818128831951}.Release|Any CPU.ActiveCfg = Release|Any CPU
		{2720C15E-864F-4AEF-AD3A-818128831951}.Release|Any CPU.Build.0 = Release|Any CPU
	EndGlobalSection
	GlobalSection(SolutionProperties) = preSolution
		HideSolutionNode = FALSE
	EndGlobalSection
	GlobalSection(ExtensibilityGlobals) = postSolution
		SolutionGuid = {2201923F-B7CD-44CB-8A2D-BA8D85E2CFE1}
	EndGlobalSection
EndGlobal
