
Microsoft Visual Studio Solution File, Format Version 12.00
# Visual Studio Version 17
VisualStudioVersion = 17.8.34330.188
MinimumVisualStudioVersion = 10.0.40219.1
Project("{FAE04EC0-301F-11D3-BF4B-00C04F79EFBC}") = "Func Action Predicate Delegate", "Func Action Predicate Delegate\Func Action Predicate Delegate.csproj", "{ED2B2B07-6BF5-472E-8664-B60A279B7C9F}"
EndProject
Global
	GlobalSection(SolutionConfigurationPlatforms) = preSolution
		Debug|Any CPU = Debug|Any CPU
		Release|Any CPU = Release|Any CPU
	EndGlobalSection
	GlobalSection(ProjectConfigurationPlatforms) = postSolution
		{ED2B2B07-6BF5-472E-8664-B60A279B7C9F}.Debug|Any CPU.ActiveCfg = Debug|Any CPU
		{ED2B2B07-6BF5-472E-8664-B60A279B7C9F}.Debug|Any CPU.Build.0 = Debug|Any CPU
		{ED2B2B07-6BF5-472E-8664-B60A279B7C9F}.Release|Any CPU.ActiveCfg = Release|Any CPU
		{ED2B2B07-6BF5-472E-8664-B60A279B7C9F}.Release|Any CPU.Build.0 = Release|Any CPU
	EndGlobalSection
	GlobalSection(SolutionProperties) = preSolution
		HideSolutionNode = FALSE
	EndGlobalSection
	GlobalSection(ExtensibilityGlobals) = postSolution
		SolutionGuid = {7E005B3F-2BCE-4E71-B44D-EE5F5FA0458B}
	EndGlobalSection
EndGlobal
